
Microsoft Visual Studio Solution File, Format Version 12.00
# Visual Studio Version 17
VisualStudioVersion = 17.9.34728.123
MinimumVisualStudioVersion = 10.0.40219.1
Project("{FAE04EC0-301F-11D3-BF4B-00C04F79EFBC}") = "BookingSystem", "BookingSystem.csproj", "{5463F2FB-5193-4C2B-AAB1-57A2846B31F7}"
EndProject
Global
	GlobalSection(SolutionConfigurationPlatforms) = preSolution
		Debug|Any CPU = Debug|Any CPU
		Release|Any CPU = Release|Any CPU
	EndGlobalSection
	GlobalSection(ProjectConfigurationPlatforms) = postSolution
		{5463F2FB-5193-4C2B-AAB1-57A2846B31F7}.Debug|Any CPU.ActiveCfg = Debug|Any CPU
		{5463F2FB-5193-4C2B-AAB1-57A2846B31F7}.Debug|Any CPU.Build.0 = Debug|Any CPU
		{5463F2FB-5193-4C2B-AAB1-57A2846B31F7}.Release|Any CPU.ActiveCfg = Release|Any CPU
		{5463F2FB-5193-4C2B-AAB1-57A2846B31F7}.Release|Any CPU.Build.0 = Release|Any CPU
	EndGlobalSection
	GlobalSection(SolutionProperties) = preSolution
		HideSolutionNode = FALSE
	EndGlobalSection
	GlobalSection(ExtensibilityGlobals) = postSolution
		SolutionGuid = {0A8FD9D7-B373-447E-9C3F-131C6EBC8D1B}
	EndGlobalSection
EndGlobal
